
Microsoft Visual Studio Solution File, Format Version 11.00
# Visual Studio 2010
# SharpDevelop 5.1
Project("{FAE04EC0-301F-11D3-BF4B-00C04F79EFBC}") = "basedatos", "basedatos\basedatos.csproj", "{BF677BC3-72EE-47D7-A8D3-D786E92FF430}"
EndProject
Global
	GlobalSection(SolutionConfigurationPlatforms) = preSolution
		Debug|Any CPU = Debug|Any CPU
		Release|Any CPU = Release|Any CPU
	EndGlobalSection
	GlobalSection(ProjectConfigurationPlatforms) = postSolution
		{BF677BC3-72EE-47D7-A8D3-D786E92FF430}.Debug|Any CPU.ActiveCfg = Debug|Any CPU
		{BF677BC3-72EE-47D7-A8D3-D786E92FF430}.Debug|Any CPU.Build.0 = Debug|Any CPU
		{BF677BC3-72EE-47D7-A8D3-D786E92FF430}.Release|Any CPU.ActiveCfg = Release|Any CPU
		{BF677BC3-72EE-47D7-A8D3-D786E92FF430}.Release|Any CPU.Build.0 = Release|Any CPU
	EndGlobalSection
EndGlobal
